{
    "_readme": [
        "This file locks the dependencies of your project to a known state",
        "Read more about it at https://getcomposer.org/doc/01-basic-usage.md#installing-dependencies",
        "This file is @generated automatically"
    ],
    "content-hash": "d648a80f845810dafd3d25339f75838b",
    "packages": [
        {
            "name": "laminas/laminas-escaper",
            "version": "2.17.0",
            "source": {
                "type": "git",
                "url": "https://github.com/laminas/laminas-escaper.git",
                "reference": "df1ef9503299a8e3920079a16263b578eaf7c3ba"
            },
            "dist": {
                "type": "zip",
                "url": "https://api.github.com/repos/laminas/laminas-escaper/zipball/df1ef9503299a8e3920079a16263b578eaf7c3ba",
                "reference": "df1ef9503299a8e3920079a16263b578eaf7c3ba",
                "shasum": ""
            },
            "require": {
                "ext-ctype": "*",
                "ext-mbstring": "*",
                "php": "~8.1.0 || ~8.2.0 || ~8.3.0 || ~8.4.0"
            },
            "conflict": {
                "zendframework/zend-escaper": "*"
            },
            "require-dev": {
                "infection/infection": "^0.29.8",
                "laminas/laminas-coding-standard": "~3.0.1",
                "phpunit/phpunit": "^10.5.45",
                "psalm/plugin-phpunit": "^0.19.2",
                "vimeo/psalm": "^6.6.2"
            },
            "type": "library",
            "autoload": {
                "psr-4": {
                    "Laminas\\Escaper\\": "src/"
                }
            },
            "notification-url": "https://packagist.org/downloads/",
            "license": [
                "BSD-3-Clause"
            ],
            "description": "Securely and safely escape HTML, HTML attributes, JavaScript, CSS, and URLs",
            "homepage": "https://laminas.dev",
            "keywords": [
                "escaper",
                "laminas"
            ],
            "support": {
                "chat": "https://laminas.dev/chat",
                "docs": "https://docs.laminas.dev/laminas-escaper/",
                "forum": "https://discourse.laminas.dev",
                "issues": "https://github.com/laminas/laminas-escaper/issues",
                "rss": "https://github.com/laminas/laminas-escaper/releases.atom",
                "source": "https://github.com/laminas/laminas-escaper"
            },
            "funding": [
                {
                    "url": "https://funding.communitybridge.org/projects/laminas-project",
                    "type": "community_bridge"
                }
            ],
            "time": "2025-05-06T19:29:36+00:00"
        },
        {
            "name": "laminas/laminas-feed",
            "version": "2.23.0",
            "source": {
                "type": "git",
                "url": "https://github.com/laminas/laminas-feed.git",
                "reference": "23807e692b3174750b426143bd93572b71b6739a"
            },
            "dist": {
                "type": "zip",
                "url": "https://api.github.com/repos/laminas/laminas-feed/zipball/23807e692b3174750b426143bd93572b71b6739a",
                "reference": "23807e692b3174750b426143bd93572b71b6739a",
                "shasum": ""
            },
            "require": {
                "ext-dom": "*",
                "ext-libxml": "*",
                "laminas/laminas-escaper": "^2.9",
                "laminas/laminas-stdlib": "^3.6",
                "php": "~8.1.0 || ~8.2.0 || ~8.3.0 || ~8.4.0"
            },
            "conflict": {
                "laminas/laminas-servicemanager": "<3.3",
                "zendframework/zend-feed": "*"
            },
            "require-dev": {
                "laminas/laminas-cache": "^2.13.2 || ^3.12",
                "laminas/laminas-cache-storage-adapter-memory": "^1.1.0 || ^2.3",
                "laminas/laminas-coding-standard": "~2.5.0",
                "laminas/laminas-db": "^2.18",
                "laminas/laminas-http": "^2.19",
                "laminas/laminas-servicemanager": "^3.22.1",
                "laminas/laminas-validator": "^2.46",
                "phpunit/phpunit": "^10.5.5",
                "psalm/plugin-phpunit": "^0.19.0",
                "psr/http-message": "^2.0",
                "vimeo/psalm": "^5.18.0"
            },
            "suggest": {
                "laminas/laminas-cache": "Laminas\\Cache component, for optionally caching feeds between requests",
                "laminas/laminas-db": "Laminas\\Db component, for use with PubSubHubbub",
                "laminas/laminas-http": "Laminas\\Http for PubSubHubbub, and optionally for use with Laminas\\Feed\\Reader",
                "laminas/laminas-servicemanager": "Laminas\\ServiceManager component, for easily extending ExtensionManager implementations",
                "laminas/laminas-validator": "Laminas\\Validator component, for validating email addresses used in Atom feeds and entries when using the Writer subcomponent",
                "psr/http-message": "PSR-7 ^1.0.1, if you wish to use Laminas\\Feed\\Reader\\Http\\Psr7ResponseDecorator"
            },
            "type": "library",
            "autoload": {
                "psr-4": {
                    "Laminas\\Feed\\": "src/"
                }
            },
            "notification-url": "https://packagist.org/downloads/",
            "license": [
                "BSD-3-Clause"
            ],
            "description": "provides functionality for creating and consuming RSS and Atom feeds",
            "homepage": "https://laminas.dev",
            "keywords": [
                "atom",
                "feed",
                "laminas",
                "rss"
            ],
            "support": {
                "chat": "https://laminas.dev/chat",
                "docs": "https://docs.laminas.dev/laminas-feed/",
                "forum": "https://discourse.laminas.dev",
                "issues": "https://github.com/laminas/laminas-feed/issues",
                "rss": "https://github.com/laminas/laminas-feed/releases.atom",
                "source": "https://github.com/laminas/laminas-feed"
            },
            "funding": [
                {
                    "url": "https://funding.communitybridge.org/projects/laminas-project",
                    "type": "community_bridge"
                }
            ],
            "time": "2024-10-09T10:53:30+00:00"
        },
        {
            "name": "laminas/laminas-stdlib",
            "version": "3.20.0",
            "source": {
                "type": "git",
                "url": "https://github.com/laminas/laminas-stdlib.git",
                "reference": "8974a1213be42c3e2f70b2c27b17f910291ab2f4"
            },
            "dist": {
                "type": "zip",
                "url": "https://api.github.com/repos/laminas/laminas-stdlib/zipball/8974a1213be42c3e2f70b2c27b17f910291ab2f4",
                "reference": "8974a1213be42c3e2f70b2c27b17f910291ab2f4",
                "shasum": ""
            },
            "require": {
                "php": "~8.1.0 || ~8.2.0 || ~8.3.0 || ~8.4.0"
            },
            "conflict": {
                "zendframework/zend-stdlib": "*"
            },
            "require-dev": {
                "laminas/laminas-coding-standard": "^3.0",
                "phpbench/phpbench": "^1.3.1",
                "phpunit/phpunit": "^10.5.38",
                "psalm/plugin-phpunit": "^0.19.0",
                "vimeo/psalm": "^5.26.1"
            },
            "type": "library",
            "autoload": {
                "psr-4": {
                    "Laminas\\Stdlib\\": "src/"
                }
            },
            "notification-url": "https://packagist.org/downloads/",
            "license": [
                "BSD-3-Clause"
            ],
            "description": "SPL extensions, array utilities, error handlers, and more",
            "homepage": "https://laminas.dev",
            "keywords": [
                "laminas",
                "stdlib"
            ],
            "support": {
                "chat": "https://laminas.dev/chat",
                "docs": "https://docs.laminas.dev/laminas-stdlib/",
                "forum": "https://discourse.laminas.dev",
                "issues": "https://github.com/laminas/laminas-stdlib/issues",
                "rss": "https://github.com/laminas/laminas-stdlib/releases.atom",
                "source": "https://github.com/laminas/laminas-stdlib"
            },
            "funding": [
                {
                    "url": "https://funding.communitybridge.org/projects/laminas-project",
                    "type": "community_bridge"
                }
            ],
            "time": "2024-10-29T13:46:07+00:00"
        },
        {
            "name": "samdark/sitemap",
            "version": "2.4.1",
            "source": {
                "type": "git",
                "url": "https://github.com/samdark/sitemap.git",
                "reference": "cf514750781275ad90fc9a828b4330c9c5ccba98"
            },
            "dist": {
                "type": "zip",
                "url": "https://api.github.com/repos/samdark/sitemap/zipball/cf514750781275ad90fc9a828b4330c9c5ccba98",
                "reference": "cf514750781275ad90fc9a828b4330c9c5ccba98",
                "shasum": ""
            },
            "require": {
                "ext-xmlwriter": "*",
                "php": ">=5.3.0"
            },
            "require-dev": {
                "phpunit/phpunit": "~4.4"
            },
            "type": "library",
            "autoload": {
                "psr-4": {
                    "samdark\\sitemap\\": ""
                }
            },
            "notification-url": "https://packagist.org/downloads/",
            "license": [
                "BSD-3-Clause"
            ],
            "authors": [
                {
                    "name": "Alexander Makarov",
                    "email": "sam@rmcreative.ru",
                    "homepage": "http://rmcreative.ru/"
                }
            ],
            "description": "Sitemap and sitemap index builder",
            "homepage": "https://github.com/samdark/sitemap",
            "keywords": [
                "Sitemap"
            ],
            "support": {
                "issues": "https://github.com/samdark/sitemap/issues",
                "source": "https://github.com/samdark/sitemap"
            },
            "funding": [
                {
                    "url": "https://github.com/samdark",
                    "type": "github"
                },
                {
                    "url": "https://www.patreon.com/samdark",
                    "type": "patreon"
                }
            ],
            "time": "2023-11-01T08:41:34+00:00"
        }
    ],
    "packages-dev": [],
    "aliases": [],
    "minimum-stability": "stable",
    "stability-flags": {},
    "prefer-stable": false,
    "prefer-lowest": false,
    "platform": {},
    "platform-dev": {},
    "plugin-api-version": "2.6.0"
}
